
Microsoft Visual Studio Solution File, Format Version 12.00
# Visual Studio Version 16
VisualStudioVersion = 16.0.30717.126
MinimumVisualStudioVersion = 10.0.40219.1
Project("{FAE04EC0-301F-11D3-BF4B-00C04F79EFBC}") = "ExcelManager", "ExcelManager\ExcelManager.csproj", "{F3016217-D10B-40F0-87D5-73D6B80AB774}"
EndProject
Project("{FAE04EC0-301F-11D3-BF4B-00C04F79EFBC}") = "ExcelManagement", "ExcelManagement\ExcelManagement.csproj", "{03F360D5-81E0-4541-A2AA-9CD1894B0CFA}"
EndProject
Global
	GlobalSection(SolutionConfigurationPlatforms) = preSolution
		Debug|Any CPU = Debug|Any CPU
		Release|Any CPU = Release|Any CPU
	EndGlobalSection
	GlobalSection(ProjectConfigurationPlatforms) = postSolution
		{F3016217-D10B-40F0-87D5-73D6B80AB774}.Debug|Any CPU.ActiveCfg = Debug|Any CPU
		{F3016217-D10B-40F0-87D5-73D6B80AB774}.Debug|Any CPU.Build.0 = Debug|Any CPU
		{F3016217-D10B-40F0-87D5-73D6B80AB774}.Release|Any CPU.ActiveCfg = Release|Any CPU
		{F3016217-D10B-40F0-87D5-73D6B80AB774}.Release|Any CPU.Build.0 = Release|Any CPU
		{03F360D5-81E0-4541-A2AA-9CD1894B0CFA}.Debug|Any CPU.ActiveCfg = Debug|Any CPU
		{03F360D5-81E0-4541-A2AA-9CD1894B0CFA}.Debug|Any CPU.Build.0 = Debug|Any CPU
		{03F360D5-81E0-4541-A2AA-9CD1894B0CFA}.Release|Any CPU.ActiveCfg = Release|Any CPU
		{03F360D5-81E0-4541-A2AA-9CD1894B0CFA}.Release|Any CPU.Build.0 = Release|Any CPU
	EndGlobalSection
	GlobalSection(SolutionProperties) = preSolution
		HideSolutionNode = FALSE
	EndGlobalSection
	GlobalSection(ExtensibilityGlobals) = postSolution
		SolutionGuid = {123AF0DB-1708-49E9-8335-5ED99F54ADD9}
	EndGlobalSection
EndGlobal
